// !$*UTF8*$!
{
	archiveVersion = 1;
	classes = {
	};
	objectVersion = 50;
	objects = {

/* Begin PBXBuildFile section */
		F19BA0C12134263F00C43288 /* AppDelegate.swift in Sources */ = {isa = PBXBuildFile; fileRef = F19BA0C02134263F00C43288 /* AppDelegate.swift */; };
		F19BA0C32134263F00C43288 /* ViewController.swift in Sources */ = {isa = PBXBuildFile; fileRef = F19BA0C22134263F00C43288 /* ViewController.swift */; };
		F19BA0C62134263F00C43288 /* Main.storyboard in Resources */ = {isa = PBXBuildFile; fileRef = F19BA0C42134263F00C43288 /* Main.storyboard */; };
		F19BA0C82134264300C43288 /* Assets.xcassets in Resources */ = {isa = PBXBuildFile; fileRef = F19BA0C72134264300C43288 /* Assets.xcassets */; };
		F19BA0CB2134264300C43288 /* LaunchScreen.storyboard in Resources */ = {isa = PBXBuildFile; fileRef = F19BA0C92134264300C43288 /* LaunchScreen.storyboard */; };
		F19BA0D321342EFB00C43288 /* VideoCompression.swift in Sources */ = {isa = PBXBuildFile; fileRef = F19BA0D221342EFB00C43288 /* VideoCompression.swift */; };
		F19BA0D5213448EF00C43288 /* VideoView.swift in Sources */ = {isa = PBXBuildFile; fileRef = F19BA0D4213448EF00C43288 /* VideoView.swift */; };
/* End PBXBuildFile section */

/* Begin PBXFileReference section */
		F19BA0BD2134263F00C43288 /* VideoCompressionTutorial.app */ = {isa = PBXFileReference; explicitFileType = wrapper.application; includeInIndex = 0; path = VideoCompressionTutorial.app; sourceTree = BUILT_PRODUCTS_DIR; };
		F19BA0C02134263F00C43288 /* AppDelegate.swift */ = {isa = PBXFileReference; lastKnownFileType = sourcecode.swift; path = AppDelegate.swift; sourceTree = "<group>"; };
		F19BA0C22134263F00C43288 /* ViewController.swift */ = {isa = PBXFileReference; lastKnownFileType = sourcecode.swift; path = ViewController.swift; sourceTree = "<group>"; };
		F19BA0C52134263F00C43288 /* Base */ = {isa = PBXFileReference; lastKnownFileType = file.storyboard; name = Base; path = Base.lproj/Main.storyboard; sourceTree = "<group>"; };
		F19BA0C72134264300C43288 /* Assets.xcassets */ = {isa = PBXFileReference; lastKnownFileType = folder.assetcatalog; path = Assets.xcassets; sourceTree = "<group>"; };
		F19BA0CA2134264300C43288 /* Base */ = {isa = PBXFileReference; lastKnownFileType = file.storyboard; name = Base; path = Base.lproj/LaunchScreen.storyboard; sourceTree = "<group>"; };
		F19BA0CC2134264300C43288 /* Info.plist */ = {isa = PBXFileReference; lastKnownFileType = text.plist.xml; path = Info.plist; sourceTree = "<group>"; };
		F19BA0D221342EFB00C43288 /* VideoCompression.swift */ = {isa = PBXFileReference; lastKnownFileType = sourcecode.swift; path = VideoCompression.swift; sourceTree = "<group>"; };
		F19BA0D4213448EF00C43288 /* VideoView.swift */ = {isa = PBXFileReference; lastKnownFileType = sourcecode.swift; path = VideoView.swift; sourceTree = "<group>"; };
/* End PBXFileReference section */

/* Begin PBXFrameworksBuildPhase section */
		F19BA0BA2134263F00C43288 /* Frameworks */ = {
			isa = PBXFrameworksBuildPhase;
			buildActionMask = 2147483647;
			files = (
			);
			runOnlyForDeploymentPostprocessing = 0;
		};
/* End PBXFrameworksBuildPhase section */

/* Begin PBXGroup section */
		F19BA0B42134263F00C43288 = {
			isa = PBXGroup;
			children = (
				F19BA0BF2134263F00C43288 /* VideoCompressionTutorial */,
				F19BA0BE2134263F00C43288 /* Products */,
			);
			sourceTree = "<group>";
		};
		F19BA0BE2134263F00C43288 /* Products */ = {
			isa = PBXGroup;
			children = (
				F19BA0BD2134263F00C43288 /* VideoCompressionTutorial.app */,
			);
			name = Products;
			sourceTree = "<group>";
		};
		F19BA0BF2134263F00C43288 /* VideoCompressionTutorial */ = {
			isa = PBXGroup;
			children = (
				F19BA0C02134263F00C43288 /* AppDelegate.swift */,
				F19BA0C22134263F00C43288 /* ViewController.swift */,
				F19BA0D4213448EF00C43288 /* VideoView.swift */,
				F19BA0D221342EFB00C43288 /* VideoCompression.swift */,
				F19BA0C42134263F00C43288 /* Main.storyboard */,
				F19BA0C72134264300C43288 /* Assets.xcassets */,
				F19BA0C92134264300C43288 /* LaunchScreen.storyboard */,
				F19BA0CC2134264300C43288 /* Info.plist */,
			);
			path = VideoCompressionTutorial;
			sourceTree = "<group>";
		};
/* End PBXGroup section */

/* Begin PBXNativeTarget section */
		F19BA0BC2134263F00C43288 /* VideoCompressionTutorial */ = {
			isa = PBXNativeTarget;
			buildConfigurationList = F19BA0CF2134264300C43288 /* Build configuration list for PBXNativeTarget "VideoCompressionTutorial" */;
			buildPhases = (
				F19BA0B92134263F00C43288 /* Sources */,
				F19BA0BA2134263F00C43288 /* Frameworks */,
				F19BA0BB2134263F00C43288 /* Resources */,
			);
			buildRules = (
			);
			dependencies = (
			);
			name = VideoCompressionTutorial;
			productName = VideoCompressionTutorial;
			productReference = F19BA0BD2134263F00C43288 /* VideoCompressionTutorial.app */;
			productType = "com.apple.product-type.application";
		};
/* End PBXNativeTarget section */

/* Begin PBXProject section */
		F19BA0B52134263F00C43288 /* Project object */ = {
			isa = PBXProject;
			attributes = {
				LastSwiftUpdateCheck = 0940;
				LastUpgradeCheck = 0940;
				ORGANIZATIONNAME = "Diego Perini";
				TargetAttributes = {
					F19BA0BC2134263F00C43288 = {
						CreatedOnToolsVersion = 9.4.1;
					};
				};
			};
			buildConfigurationList = F19BA0B82134263F00C43288 /* Build configuration list for PBXProject "VideoCompressionTutorial" */;
			compatibilityVersion = "Xcode 9.3";
			developmentRegion = en;
			hasScannedForEncodings = 0;
			knownRegions = (
				en,
				Base,
			);
			mainGroup = F19BA0B42134263F00C43288;
			productRefGroup = F19BA0BE2134263F00C43288 /* Products */;
			projectDirPath = "";
			projectRoot = "";
			targets = (
				F19BA0BC2134263F00C43288 /* VideoCompressionTutorial */,
			);
		};
/* End PBXProject section */

/* Begin PBXResourcesBuildPhase section */
		F19BA0BB2134263F00C43288 /* Resources */ = {
			isa = PBXResourcesBuildPhase;
			buildActionMask = 2147483647;
			files = (
				F19BA0CB2134264300C43288 /* LaunchScreen.storyboard in Resources */,
				F19BA0C82134264300C43288 /* Assets.xcassets in Resources */,
				F19BA0C62134263F00C43288 /* Main.storyboard in Resources */,
			);
			runOnlyForDeploymentPostprocessing = 0;
		};
/* End PBXResourcesBuildPhase section */

/* Begin PBXSourcesBuildPhase section */
		F19BA0B92134263F00C43288 /* Sources */ = {
			isa = PBXSourcesBuildPhase;
			buildActionMask = 2147483647;
			files = (
				F19BA0D5213448EF00C43288 /* VideoView.swift in Sources */,
				F19BA0D321342EFB00C43288 /* VideoCompression.swift in Sources */,
				F19BA0C32134263F00C43288 /* ViewController.swift in Sources */,
				F19BA0C12134263F00C43288 /* AppDelegate.swift in Sources */,
			);
			runOnlyForDeploymentPostprocessing = 0;
		};
/* End PBXSourcesBuildPhase section */

/* Begin PBXVariantGroup section */
		F19BA0C42134263F00C43288 /* Main.storyboard */ = {
			isa = PBXVariantGroup;
			children = (
				F19BA0C52134263F00C43288 /* Base */,
			);
			name = Main.storyboard;
			sourceTree = "<group>";
		};
		F19BA0C92134264300C43288 /* LaunchScreen.storyboard */ = {
			isa = PBXVariantGroup;
			children = (
				F19BA0CA2134264300C43288 /* Base */,
			);
			name = LaunchScreen.storyboard;
			sourceTree = "<group>";
		};
/* End PBXVariantGroup section */

/* Begin XCBuildConfiguration section */
		F19BA0CD2134264300C43288 /* Debug */ = {
			isa = XCBuildConfiguration;
			buildSettings = {
				ALWAYS_SEARCH_USER_PATHS = NO;
				CLANG_ANALYZER_NONNULL = YES;
				CLANG_ANALYZER_NUMBER_OBJECT_CONVERSION = YES_AGGRESSIVE;
				CLANG_CXX_LANGUAGE_STANDARD = "gnu++14";
				CLANG_CXX_LIBRARY = "libc++";
				CLANG_ENABLE_MODULES = YES;
				CLANG_ENABLE_OBJC_ARC = YES;
				CLANG_ENABLE_OBJC_WEAK = YES;
				CLANG_WARN_BLOCK_CAPTURE_AUTORELEASING = YES;
				CLANG_WARN_BOOL_CONVERSION = YES;
				CLANG_WARN_COMMA = YES;
				CLANG_WARN_CONSTANT_CONVERSION = YES;
				CLANG_WARN_DEPRECATED_OBJC_IMPLEMENTATIONS = YES;
				CLANG_WARN_DIRECT_OBJC_ISA_USAGE = YES_ERROR;
				CLANG_WARN_DOCUMENTATION_COMMENTS = YES;
				CLANG_WARN_EMPTY_BODY = YES;
				CLANG_WARN_ENUM_CONVERSION = YES;
				CLANG_WARN_INFINITE_RECURSION = YES;
				CLANG_WARN_INT_CONVERSION = YES;
				CLANG_WARN_NON_LITERAL_NULL_CONVERSION = YES;
				CLANG_WARN_OBJC_IMPLICIT_RETAIN_SELF = YES;
				CLANG_WARN_OBJC_LITERAL_CONVERSION = YES;
				CLANG_WARN_OBJC_ROOT_CLASS = YES_ERROR;
				CLANG_WARN_RANGE_LOOP_ANALYSIS = YES;
				CLANG_WARN_STRICT_PROTOTYPES = YES;
				CLANG_WARN_SUSPICIOUS_MOVE = YES;
				CLANG_WARN_UNGUARDED_AVAILABILITY = YES_AGGRESSIVE;
				CLANG_WARN_UNREACHABLE_CODE = YES;
				CLANG_WARN__DUPLICATE_METHOD_MATCH = YES;
				CODE_SIGN_IDENTITY = "iPhone Developer";
				COPY_PHASE_STRIP = NO;
				DEBUG_INFORMATION_FORMAT = dwarf;
				ENABLE_STRICT_OBJC_MSGSEND = YES;
				ENABLE_TESTABILITY = YES;
				GCC_C_LANGUAGE_STANDARD = gnu11;
				GCC_DYNAMIC_NO_PIC = NO;
				GCC_NO_COMMON_BLOCKS = YES;
				GCC_OPTIMIZATION_LEVEL = 0;
				GCC_PREPROCESSOR_DEFINITIONS = (
					"DEBUG=1",
					"$(inherited)",
				);
				GCC_WARN_64_TO_32_BIT_CONVERSION = YES;
				GCC_WARN_ABOUT_RETURN_TYPE = YES_ERROR;
				GCC_WARN_UNDECLARED_SELECTOR = YES;
				GCC_WARN_UNINITIALIZED_AUTOS = YES_AGGRESSIVE;
				GCC_WARN_UNUSED_FUNCTION = YES;
				GCC_WARN_UNUSED_VARIABLE = YES;
				IPHONEOS_DEPLOYMENT_TARGET = 11.4;
				MTL_ENABLE_DEBUG_INFO = YES;
				ONLY_ACTIVE_ARCH = YES;
				SDKROOT = iphoneos;
				SWIFT_ACTIVE_COMPILATION_CONDITIONS = DEBUG;
				SWIFT_OPTIMIZATION_LEVEL = "-Onone";
			};
			name = Debug;
		};
		F19BA0CE2134264300C43288 /* Release */ = {
			isa = XCBuildConfiguration;
			buildSettings = {
				ALWAYS_SEARCH_USER_PATHS = NO;
				CLANG_ANALYZER_NONNULL = YES;
				CLANG_ANALYZER_NUMBER_OBJECT_CONVERSION = YES_AGGRESSIVE;
				CLANG_CXX_LANGUAGE_STANDARD = "gnu++14";
				CLANG_CXX_LIBRARY = "libc++";
				CLANG_ENABLE_MODULES = YES;
				CLANG_ENABLE_OBJC_ARC = YES;
				CLANG_ENABLE_OBJC_WEAK = YES;
				CLANG_WARN_BLOCK_CAPTURE_AUTORELEASING = YES;
				CLANG_WARN_BOOL_CONVERSION = YES;
				CLANG_WARN_COMMA = YES;
				CLANG_WARN_CONSTANT_CONVERSION = YES;
				CLANG_WARN_DEPRECATED_OBJC_IMPLEMENTATIONS = YES;
				CLANG_WARN_DIRECT_OBJC_ISA_USAGE = YES_ERROR;
				CLANG_WARN_DOCUMENTATION_COMMENTS = YES;
				CLANG_WARN_EMPTY_BODY = YES;
				CLANG_WARN_ENUM_CONVERSION = YES;
				CLANG_WARN_INFINITE_RECURSION = YES;
				CLANG_WARN_INT_CONVERSION = YES;
				CLANG_WARN_NON_LITERAL_NULL_CONVERSION = YES;
				CLANG_WARN_OBJC_IMPLICIT_RETAIN_SELF = YES;
				CLANG_WARN_OBJC_LITERAL_CONVERSION = YES;
				CLANG_WARN_OBJC_ROOT_CLASS = YES_ERROR;
				CLANG_WARN_RANGE_LOOP_ANALYSIS = YES;
				CLANG_WARN_STRICT_PROTOTYPES = YES;
				CLANG_WARN_SUSPICIOUS_MOVE = YES;
				CLANG_WARN_UNGUARDED_AVAILABILITY = YES_AGGRESSIVE;
				CLANG_WARN_UNREACHABLE_CODE = YES;
				CLANG_WARN__DUPLICATE_METHOD_MATCH = YES;
				CODE_SIGN_IDENTITY = "iPhone Developer";
				COPY_PHASE_STRIP = NO;
				DEBUG_INFORMATION_FORMAT = "dwarf-with-dsym";
				ENABLE_NS_ASSERTIONS = NO;
				ENABLE_STRICT_OBJC_MSGSEND = YES;
				GCC_C_LANGUAGE_STANDARD = gnu11;
				GCC_NO_COMMON_BLOCKS = YES;
				GCC_WARN_64_TO_32_BIT_CONVERSION = YES;
				GCC_WARN_ABOUT_RETURN_TYPE = YES_ERROR;
				GCC_WARN_UNDECLARED_SELECTOR = YES;
				GCC_WARN_UNINITIALIZED_AUTOS = YES_AGGRESSIVE;
				GCC_WARN_UNUSED_FUNCTION = YES;
				GCC_WARN_UNUSED_VARIABLE = YES;
				IPHONEOS_DEPLOYMENT_TARGET = 11.4;
				MTL_ENABLE_DEBUG_INFO = NO;
				SDKROOT = iphoneos;
				SWIFT_COMPILATION_MODE = wholemodule;
				SWIFT_OPTIMIZATION_LEVEL = "-O";
				VALIDATE_PRODUCT = YES;
			};
			name = Release;
		};
		F19BA0D02134264300C43288 /* Debug */ = {
			isa = XCBuildConfiguration;
			buildSettings = {
				ASSETCATALOG_COMPILER_APPICON_NAME = AppIcon;
				CODE_SIGN_STYLE = Automatic;
				DEVELOPMENT_TEAM = CS7AKZVD5B;
				INFOPLIST_FILE = VideoCompressionTutorial/Info.plist;
				LD_RUNPATH_SEARCH_PATHS = (
					"$(inherited)",
					"@executable_path/Frameworks",
				);
				PRODUCT_BUNDLE_IDENTIFIER = com.testfairy.VideoCompressionTutorial;
				PRODUCT_NAME = "$(TARGET_NAME)";
				SWIFT_VERSION = 4.0;
				TARGETED_DEVICE_FAMILY = "1,2";
			};
			name = Debug;
		};
		F19BA0D12134264300C43288 /* Release */ = {
			isa = XCBuildConfiguration;
			buildSettings = {
				ASSETCATALOG_COMPILER_APPICON_NAME = AppIcon;
				CODE_SIGN_STYLE = Automatic;
				DEVELOPMENT_TEAM = CS7AKZVD5B;
				INFOPLIST_FILE = VideoCompressionTutorial/Info.plist;
				LD_RUNPATH_SEARCH_PATHS = (
					"$(inherited)",
					"@executable_path/Frameworks",
				);
				PRODUCT_BUNDLE_IDENTIFIER = com.testfairy.VideoCompressionTutorial;
				PRODUCT_NAME = "$(TARGET_NAME)";
				SWIFT_VERSION = 4.0;
				TARGETED_DEVICE_FAMILY = "1,2";
			};
			name = Release;
		};
/* End XCBuildConfiguration section */

/* Begin XCConfigurationList section */
		F19BA0B82134263F00C43288 /* Build configuration list for PBXProject "VideoCompressionTutorial" */ = {
			isa = XCConfigurationList;
			buildConfigurations = (
				F19BA0CD2134264300C43288 /* Debug */,
				F19BA0CE2134264300C43288 /* Release */,
			);
			defaultConfigurationIsVisible = 0;
			defaultConfigurationName = Release;
		};
		F19BA0CF2134264300C43288 /* Build configuration list for PBXNativeTarget "VideoCompressionTutorial" */ = {
			isa = XCConfigurationList;
			buildConfigurations = (
				F19BA0D02134264300C43288 /* Debug */,
				F19BA0D12134264300C43288 /* Release */,
			);
			defaultConfigurationIsVisible = 0;
			defaultConfigurationName = Release;
		};
/* End XCConfigurationList section */
	};
	rootObject = F19BA0B52134263F00C43288 /* Project object */;
}
